
Microsoft Visual Studio Solution File, Format Version 12.00
# Visual Studio Version 17
VisualStudioVersion = 17.9.34616.47
MinimumVisualStudioVersion = 10.0.40219.1
Project("{FAE04EC0-301F-11D3-BF4B-00C04F79EFBC}") = "EnviroTrackApp.Android", "EnviroTrackApp\EnviroTrackApp.Android\EnviroTrackApp.Android.csproj", "{C63B8836-F1B0-46E4-8166-BA83DFB62D06}"
EndProject
Project("{FAE04EC0-301F-11D3-BF4B-00C04F79EFBC}") = "EnviroTrackApp", "EnviroTrackApp\EnviroTrackApp\EnviroTrackApp.csproj", "{53BCD615-1BD6-4806-9C7B-BA0010BE8129}"
EndProject
Global
	GlobalSection(SolutionConfigurationPlatforms) = preSolution
		Debug|Any CPU = Debug|Any CPU
		Release|Any CPU = Release|Any CPU
	EndGlobalSection
	GlobalSection(ProjectConfigurationPlatforms) = postSolution
		{C63B8836-F1B0-46E4-8166-BA83DFB62D06}.Debug|Any CPU.ActiveCfg = Debug|Any CPU
		{C63B8836-F1B0-46E4-8166-BA83DFB62D06}.Debug|Any CPU.Build.0 = Debug|Any CPU
		{C63B8836-F1B0-46E4-8166-BA83DFB62D06}.Debug|Any CPU.Deploy.0 = Debug|Any CPU
		{C63B8836-F1B0-46E4-8166-BA83DFB62D06}.Release|Any CPU.ActiveCfg = Release|Any CPU
		{C63B8836-F1B0-46E4-8166-BA83DFB62D06}.Release|Any CPU.Build.0 = Release|Any CPU
		{C63B8836-F1B0-46E4-8166-BA83DFB62D06}.Release|Any CPU.Deploy.0 = Release|Any CPU
		{53BCD615-1BD6-4806-9C7B-BA0010BE8129}.Debug|Any CPU.ActiveCfg = Debug|Any CPU
		{53BCD615-1BD6-4806-9C7B-BA0010BE8129}.Debug|Any CPU.Build.0 = Debug|Any CPU
		{53BCD615-1BD6-4806-9C7B-BA0010BE8129}.Debug|Any CPU.Deploy.0 = Debug|Any CPU
		{53BCD615-1BD6-4806-9C7B-BA0010BE8129}.Release|Any CPU.ActiveCfg = Release|Any CPU
		{53BCD615-1BD6-4806-9C7B-BA0010BE8129}.Release|Any CPU.Build.0 = Release|Any CPU
		{53BCD615-1BD6-4806-9C7B-BA0010BE8129}.Release|Any CPU.Deploy.0 = Release|Any CPU
	EndGlobalSection
	GlobalSection(SolutionProperties) = preSolution
		HideSolutionNode = FALSE
	EndGlobalSection
	GlobalSection(ExtensibilityGlobals) = postSolution
		SolutionGuid = {1D40FDC1-FD04-4004-8597-62CF12A80B32}
	EndGlobalSection
EndGlobal
